
Microsoft Visual Studio Solution File, Format Version 12.00
# Visual Studio Version 17
VisualStudioVersion = 17.8.34511.84
MinimumVisualStudioVersion = 10.0.40219.1
Project("{FAE04EC0-301F-11D3-BF4B-00C04F79EFBC}") = "ApiChamados", "ApiChamados\ApiChamados.csproj", "{4A7909BD-4631-43D8-89F1-642BDA26C4CF}"
EndProject
Global
	GlobalSection(SolutionConfigurationPlatforms) = preSolution
		Debug|Any CPU = Debug|Any CPU
		Release|Any CPU = Release|Any CPU
	EndGlobalSection
	GlobalSection(ProjectConfigurationPlatforms) = postSolution
		{4A7909BD-4631-43D8-89F1-642BDA26C4CF}.Debug|Any CPU.ActiveCfg = Debug|Any CPU
		{4A7909BD-4631-43D8-89F1-642BDA26C4CF}.Debug|Any CPU.Build.0 = Debug|Any CPU
		{4A7909BD-4631-43D8-89F1-642BDA26C4CF}.Release|Any CPU.ActiveCfg = Release|Any CPU
		{4A7909BD-4631-43D8-89F1-642BDA26C4CF}.Release|Any CPU.Build.0 = Release|Any CPU
	EndGlobalSection
	GlobalSection(SolutionProperties) = preSolution
		HideSolutionNode = FALSE
	EndGlobalSection
	GlobalSection(ExtensibilityGlobals) = postSolution
		SolutionGuid = {0084673C-828C-4BEB-87FF-37886FDBBC22}
	EndGlobalSection
EndGlobal
